
Microsoft Visual Studio Solution File, Format Version 12.00
# Visual Studio 15
VisualStudioVersion = 15.0.27703.2042
MinimumVisualStudioVersion = 10.0.40219.1
Project("{FAE04EC0-301F-11D3-BF4B-00C04F79EFBC}") = "MailProgramming.Android", "MailProgramming\MailProgramming.Android\MailProgramming.Android.csproj", "{3BA0CF43-8DDD-46FC-804F-6185B435BE45}"
EndProject
Project("{FAE04EC0-301F-11D3-BF4B-00C04F79EFBC}") = "MailProgramming.iOS", "MailProgramming\MailProgramming.iOS\MailProgramming.iOS.csproj", "{F27FAC5B-E9D5-4DF4-9C6C-15F967EED423}"
EndProject
Project("{FAE04EC0-301F-11D3-BF4B-00C04F79EFBC}") = "MailProgramming.UWP", "MailProgramming\MailProgramming.UWP\MailProgramming.UWP.csproj", "{4DCA7E14-4BBD-4154-AAC8-8C02A86CDCF4}"
EndProject
Project("{D954291E-2A0B-460D-934E-DC6B0785DB48}") = "MailProgramming", "MailProgramming\MailProgramming\MailProgramming.shproj", "{184C37DE-9F76-47BE-8195-C229914F5B81}"
EndProject
Project("{9A19103F-16F7-4668-BE54-9A1E7A4F7556}") = "MailConsole", "MailConsole\MailConsole.csproj", "{92724D33-B682-4AE5-BE7D-8581F4579559}"
EndProject
Global
	GlobalSection(SharedMSBuildProjectFiles) = preSolution
		MailProgramming\MailProgramming\MailProgramming.projitems*{184c37de-9f76-47be-8195-c229914f5b81}*SharedItemsImports = 13
		MailProgramming\MailProgramming\MailProgramming.projitems*{3ba0cf43-8ddd-46fc-804f-6185b435be45}*SharedItemsImports = 4
		MailProgramming\MailProgramming\MailProgramming.projitems*{4dca7e14-4bbd-4154-aac8-8c02a86cdcf4}*SharedItemsImports = 4
		MailProgramming\MailProgramming\MailProgramming.projitems*{f27fac5b-e9d5-4df4-9c6c-15f967eed423}*SharedItemsImports = 4
	EndGlobalSection
	GlobalSection(SolutionConfigurationPlatforms) = preSolution
		Ad-Hoc|Any CPU = Ad-Hoc|Any CPU
		Ad-Hoc|ARM = Ad-Hoc|ARM
		Ad-Hoc|iPhone = Ad-Hoc|iPhone
		Ad-Hoc|iPhoneSimulator = Ad-Hoc|iPhoneSimulator
		Ad-Hoc|x64 = Ad-Hoc|x64
		Ad-Hoc|x86 = Ad-Hoc|x86
		AppStore|Any CPU = AppStore|Any CPU
		AppStore|ARM = AppStore|ARM
		AppStore|iPhone = AppStore|iPhone
		AppStore|iPhoneSimulator = AppStore|iPhoneSimulator
		AppStore|x64 = AppStore|x64
		AppStore|x86 = AppStore|x86
		Debug|Any CPU = Debug|Any CPU
		Debug|ARM = Debug|ARM
		Debug|iPhone = Debug|iPhone
		Debug|iPhoneSimulator = Debug|iPhoneSimulator
		Debug|x64 = Debug|x64
		Debug|x86 = Debug|x86
		Release|Any CPU = Release|Any CPU
		Release|ARM = Release|ARM
		Release|iPhone = Release|iPhone
		Release|iPhoneSimulator = Release|iPhoneSimulator
		Release|x64 = Release|x64
		Release|x86 = Release|x86
	EndGlobalSection
	GlobalSection(ProjectConfigurationPlatforms) = postSolution
		{3BA0CF43-8DDD-46FC-804F-6185B435BE45}.Ad-Hoc|Any CPU.ActiveCfg = Release|Any CPU
		{3BA0CF43-8DDD-46FC-804F-6185B435BE45}.Ad-Hoc|Any CPU.Build.0 = Release|Any CPU
		{3BA0CF43-8DDD-46FC-804F-6185B435BE45}.Ad-Hoc|Any CPU.Deploy.0 = Release|Any CPU
		{3BA0CF43-8DDD-46FC-804F-6185B435BE45}.Ad-Hoc|ARM.ActiveCfg = Release|Any CPU
		{3BA0CF43-8DDD-46FC-804F-6185B435BE45}.Ad-Hoc|ARM.Build.0 = Release|Any CPU
		{3BA0CF43-8DDD-46FC-804F-6185B435BE45}.Ad-Hoc|ARM.Deploy.0 = Release|Any CPU
		{3BA0CF43-8DDD-46FC-804F-6185B435BE45}.Ad-Hoc|iPhone.ActiveCfg = Release|Any CPU
		{3BA0CF43-8DDD-46FC-804F-6185B435BE45}.Ad-Hoc|iPhone.Build.0 = Release|Any CPU
		{3BA0CF43-8DDD-46FC-804F-6185B435BE45}.Ad-Hoc|iPhone.Deploy.0 = Release|Any CPU
		{3BA0CF43-8DDD-46FC-804F-6185B435BE45}.Ad-Hoc|iPhoneSimulator.ActiveCfg = Release|Any CPU
		{3BA0CF43-8DDD-46FC-804F-6185B435BE45}.Ad-Hoc|iPhoneSimulator.Build.0 = Release|Any CPU
		{3BA0CF43-8DDD-46FC-804F-6185B435BE45}.Ad-Hoc|iPhoneSimulator.Deploy.0 = Release|Any CPU
		{3BA0CF43-8DDD-46FC-804F-6185B435BE45}.Ad-Hoc|x64.ActiveCfg = Release|Any CPU
		{3BA0CF43-8DDD-46FC-804F-6185B435BE45}.Ad-Hoc|x64.Build.0 = Release|Any CPU
		{3BA0CF43-8DDD-46FC-804F-6185B435BE45}.Ad-Hoc|x64.Deploy.0 = Release|Any CPU
		{3BA0CF43-8DDD-46FC-804F-6185B435BE45}.Ad-Hoc|x86.ActiveCfg = Release|Any CPU
		{3BA0CF43-8DDD-46FC-804F-6185B435BE45}.Ad-Hoc|x86.Build.0 = Release|Any CPU
		{3BA0CF43-8DDD-46FC-804F-6185B435BE45}.Ad-Hoc|x86.Deploy.0 = Release|Any CPU
		{3BA0CF43-8DDD-46FC-804F-6185B435BE45}.AppStore|Any CPU.ActiveCfg = Release|Any CPU
		{3BA0CF43-8DDD-46FC-804F-6185B435BE45}.AppStore|Any CPU.Build.0 = Release|Any CPU
		{3BA0CF43-8DDD-46FC-804F-6185B435BE45}.AppStore|Any CPU.Deploy.0 = Release|Any CPU
		{3BA0CF43-8DDD-46FC-804F-6185B435BE45}.AppStore|ARM.ActiveCfg = Release|Any CPU
		{3BA0CF43-8DDD-46FC-804F-6185B435BE45}.AppStore|ARM.Build.0 = Release|Any CPU
		{3BA0CF43-8DDD-46FC-804F-6185B435BE45}.AppStore|ARM.Deploy.0 = Release|Any CPU
		{3BA0CF43-8DDD-46FC-804F-6185B435BE45}.AppStore|iPhone.ActiveCfg = Release|Any CPU
		{3BA0CF43-8DDD-46FC-804F-6185B435BE45}.AppStore|iPhone.Build.0 = Release|Any CPU
		{3BA0CF43-8DDD-46FC-804F-6185B435BE45}.AppStore|iPhone.Deploy.0 = Release|Any CPU
		{3BA0CF43-8DDD-46FC-804F-6185B435BE45}.AppStore|iPhoneSimulator.ActiveCfg = Release|Any CPU
		{3BA0CF43-8DDD-46FC-804F-6185B435BE45}.AppStore|iPhoneSimulator.Build.0 = Release|Any CPU
		{3BA0CF43-8DDD-46FC-804F-6185B435BE45}.AppStore|iPhoneSimulator.Deploy.0 = Release|Any CPU
		{3BA0CF43-8DDD-46FC-804F-6185B435BE45}.AppStore|x64.ActiveCfg = Release|Any CPU
		{3BA0CF43-8DDD-46FC-804F-6185B435BE45}.AppStore|x64.Build.0 = Release|Any CPU
		{3BA0CF43-8DDD-46FC-804F-6185B435BE45}.AppStore|x64.Deploy.0 = Release|Any CPU
		{3BA0CF43-8DDD-46FC-804F-6185B435BE45}.AppStore|x86.ActiveCfg = Release|Any CPU
		{3BA0CF43-8DDD-46FC-804F-6185B435BE45}.AppStore|x86.Build.0 = Release|Any CPU
		{3BA0CF43-8DDD-46FC-804F-6185B435BE45}.AppStore|x86.Deploy.0 = Release|Any CPU
		{3BA0CF43-8DDD-46FC-804F-6185B435BE45}.Debug|Any CPU.ActiveCfg = Debug|Any CPU
		{3BA0CF43-8DDD-46FC-804F-6185B435BE45}.Debug|Any CPU.Build.0 = Debug|Any CPU
		{3BA0CF43-8DDD-46FC-804F-6185B435BE45}.Debug|Any CPU.Deploy.0 = Debug|Any CPU
		{3BA0CF43-8DDD-46FC-804F-6185B435BE45}.Debug|ARM.ActiveCfg = Debug|Any CPU
		{3BA0CF43-8DDD-46FC-804F-6185B435BE45}.Debug|ARM.Build.0 = Debug|Any CPU
		{3BA0CF43-8DDD-46FC-804F-6185B435BE45}.Debug|ARM.Deploy.0 = Debug|Any CPU
		{3BA0CF43-8DDD-46FC-804F-6185B435BE45}.Debug|iPhone.ActiveCfg = Debug|Any CPU
		{3BA0CF43-8DDD-46FC-804F-6185B435BE45}.Debug|iPhone.Build.0 = Debug|Any CPU
		{3BA0CF43-8DDD-46FC-804F-6185B435BE45}.Debug|iPhone.Deploy.0 = Debug|Any CPU
		{3BA0CF43-8DDD-46FC-804F-6185B435BE45}.Debug|iPhoneSimulator.ActiveCfg = Debug|Any CPU
		{3BA0CF43-8DDD-46FC-804F-6185B435BE45}.Debug|iPhoneSimulator.Build.0 = Debug|Any CPU
		{3BA0CF43-8DDD-46FC-804F-6185B435BE45}.Debug|iPhoneSimulator.Deploy.0 = Debug|Any CPU
		{3BA0CF43-8DDD-46FC-804F-6185B435BE45}.Debug|x64.ActiveCfg = Debug|Any CPU
		{3BA0CF43-8DDD-46FC-804F-6185B435BE45}.Debug|x64.Build.0 = Debug|Any CPU
		{3BA0CF43-8DDD-46FC-804F-6185B435BE45}.Debug|x64.Deploy.0 = Debug|Any CPU
		{3BA0CF43-8DDD-46FC-804F-6185B435BE45}.Debug|x86.ActiveCfg = Debug|Any CPU
		{3BA0CF43-8DDD-46FC-804F-6185B435BE45}.Debug|x86.Build.0 = Debug|Any CPU
		{3BA0CF43-8DDD-46FC-804F-6185B435BE45}.Debug|x86.Deploy.0 = Debug|Any CPU
		{3BA0CF43-8DDD-46FC-804F-6185B435BE45}.Release|Any CPU.ActiveCfg = Release|Any CPU
		{3BA0CF43-8DDD-46FC-804F-6185B435BE45}.Release|Any CPU.Build.0 = Release|Any CPU
		{3BA0CF43-8DDD-46FC-804F-6185B435BE45}.Release|Any CPU.Deploy.0 = Release|Any CPU
		{3BA0CF43-8DDD-46FC-804F-6185B435BE45}.Release|ARM.ActiveCfg = Release|Any CPU
		{3BA0CF43-8DDD-46FC-804F-6185B435BE45}.Release|ARM.Build.0 = Release|Any CPU
		{3BA0CF43-8DDD-46FC-804F-6185B435BE45}.Release|ARM.Deploy.0 = Release|Any CPU
		{3BA0CF43-8DDD-46FC-804F-6185B435BE45}.Release|iPhone.ActiveCfg = Release|Any CPU
		{3BA0CF43-8DDD-46FC-804F-6185B435BE45}.Release|iPhone.Build.0 = Release|Any CPU
		{3BA0CF43-8DDD-46FC-804F-6185B435BE45}.Release|iPhone.Deploy.0 = Release|Any CPU
		{3BA0CF43-8DDD-46FC-804F-6185B435BE45}.Release|iPhoneSimulator.ActiveCfg = Release|Any CPU
		{3BA0CF43-8DDD-46FC-804F-6185B435BE45}.Release|iPhoneSimulator.Build.0 = Release|Any CPU
		{3BA0CF43-8DDD-46FC-804F-6185B435BE45}.Release|iPhoneSimulator.Deploy.0 = Release|Any CPU
		{3BA0CF43-8DDD-46FC-804F-6185B435BE45}.Release|x64.ActiveCfg = Release|Any CPU
		{3BA0CF43-8DDD-46FC-804F-6185B435BE45}.Release|x64.Build.0 = Release|Any CPU
		{3BA0CF43-8DDD-46FC-804F-6185B435BE45}.Release|x64.Deploy.0 = Release|Any CPU
		{3BA0CF43-8DDD-46FC-804F-6185B435BE45}.Release|x86.ActiveCfg = Release|Any CPU
		{3BA0CF43-8DDD-46FC-804F-6185B435BE45}.Release|x86.Build.0 = Release|Any CPU
		{3BA0CF43-8DDD-46FC-804F-6185B435BE45}.Release|x86.Deploy.0 = Release|Any CPU
		{F27FAC5B-E9D5-4DF4-9C6C-15F967EED423}.Ad-Hoc|Any CPU.ActiveCfg = Ad-Hoc|iPhone
		{F27FAC5B-E9D5-4DF4-9C6C-15F967EED423}.Ad-Hoc|Any CPU.Build.0 = Ad-Hoc|iPhone
		{F27FAC5B-E9D5-4DF4-9C6C-15F967EED423}.Ad-Hoc|Any CPU.Deploy.0 = Ad-Hoc|iPhone
		{F27FAC5B-E9D5-4DF4-9C6C-15F967EED423}.Ad-Hoc|ARM.ActiveCfg = Ad-Hoc|iPhone
		{F27FAC5B-E9D5-4DF4-9C6C-15F967EED423}.Ad-Hoc|ARM.Build.0 = Ad-Hoc|iPhone
		{F27FAC5B-E9D5-4DF4-9C6C-15F967EED423}.Ad-Hoc|ARM.Deploy.0 = Ad-Hoc|iPhone
		{F27FAC5B-E9D5-4DF4-9C6C-15F967EED423}.Ad-Hoc|iPhone.ActiveCfg = Ad-Hoc|iPhone
		{F27FAC5B-E9D5-4DF4-9C6C-15F967EED423}.Ad-Hoc|iPhone.Build.0 = Ad-Hoc|iPhone
		{F27FAC5B-E9D5-4DF4-9C6C-15F967EED423}.Ad-Hoc|iPhone.Deploy.0 = Ad-Hoc|iPhone
		{F27FAC5B-E9D5-4DF4-9C6C-15F967EED423}.Ad-Hoc|iPhoneSimulator.ActiveCfg = Ad-Hoc|iPhoneSimulator
		{F27FAC5B-E9D5-4DF4-9C6C-15F967EED423}.Ad-Hoc|iPhoneSimulator.Build.0 = Ad-Hoc|iPhoneSimulator
		{F27FAC5B-E9D5-4DF4-9C6C-15F967EED423}.Ad-Hoc|iPhoneSimulator.Deploy.0 = Ad-Hoc|iPhoneSimulator
		{F27FAC5B-E9D5-4DF4-9C6C-15F967EED423}.Ad-Hoc|x64.ActiveCfg = Ad-Hoc|iPhone
		{F27FAC5B-E9D5-4DF4-9C6C-15F967EED423}.Ad-Hoc|x64.Build.0 = Ad-Hoc|iPhone
		{F27FAC5B-E9D5-4DF4-9C6C-15F967EED423}.Ad-Hoc|x64.Deploy.0 = Ad-Hoc|iPhone
		{F27FAC5B-E9D5-4DF4-9C6C-15F967EED423}.Ad-Hoc|x86.ActiveCfg = Ad-Hoc|iPhone
		{F27FAC5B-E9D5-4DF4-9C6C-15F967EED423}.Ad-Hoc|x86.Build.0 = Ad-Hoc|iPhone
		{F27FAC5B-E9D5-4DF4-9C6C-15F967EED423}.Ad-Hoc|x86.Deploy.0 = Ad-Hoc|iPhone
		{F27FAC5B-E9D5-4DF4-9C6C-15F967EED423}.AppStore|Any CPU.ActiveCfg = AppStore|iPhone
		{F27FAC5B-E9D5-4DF4-9C6C-15F967EED423}.AppStore|Any CPU.Build.0 = AppStore|iPhone
		{F27FAC5B-E9D5-4DF4-9C6C-15F967EED423}.AppStore|Any CPU.Deploy.0 = AppStore|iPhone
		{F27FAC5B-E9D5-4DF4-9C6C-15F967EED423}.AppStore|ARM.ActiveCfg = AppStore|iPhone
		{F27FAC5B-E9D5-4DF4-9C6C-15F967EED423}.AppStore|ARM.Build.0 = AppStore|iPhone
		{F27FAC5B-E9D5-4DF4-9C6C-15F967EED423}.AppStore|ARM.Deploy.0 = AppStore|iPhone
		{F27FAC5B-E9D5-4DF4-9C6C-15F967EED423}.AppStore|iPhone.ActiveCfg = AppStore|iPhone
		{F27FAC5B-E9D5-4DF4-9C6C-15F967EED423}.AppStore|iPhone.Build.0 = AppStore|iPhone
		{F27FAC5B-E9D5-4DF4-9C6C-15F967EED423}.AppStore|iPhone.Deploy.0 = AppStore|iPhone
		{F27FAC5B-E9D5-4DF4-9C6C-15F967EED423}.AppStore|iPhoneSimulator.ActiveCfg = AppStore|iPhoneSimulator
		{F27FAC5B-E9D5-4DF4-9C6C-15F967EED423}.AppStore|iPhoneSimulator.Build.0 = AppStore|iPhoneSimulator
		{F27FAC5B-E9D5-4DF4-9C6C-15F967EED423}.AppStore|iPhoneSimulator.Deploy.0 = AppStore|iPhoneSimulator
		{F27FAC5B-E9D5-4DF4-9C6C-15F967EED423}.AppStore|x64.ActiveCfg = AppStore|iPhone
		{F27FAC5B-E9D5-4DF4-9C6C-15F967EED423}.AppStore|x64.Build.0 = AppStore|iPhone
		{F27FAC5B-E9D5-4DF4-9C6C-15F967EED423}.AppStore|x64.Deploy.0 = AppStore|iPhone
		{F27FAC5B-E9D5-4DF4-9C6C-15F967EED423}.AppStore|x86.ActiveCfg = AppStore|iPhone
		{F27FAC5B-E9D5-4DF4-9C6C-15F967EED423}.AppStore|x86.Build.0 = AppStore|iPhone
		{F27FAC5B-E9D5-4DF4-9C6C-15F967EED423}.AppStore|x86.Deploy.0 = AppStore|iPhone
		{F27FAC5B-E9D5-4DF4-9C6C-15F967EED423}.Debug|Any CPU.ActiveCfg = Debug|iPhoneSimulator
		{F27FAC5B-E9D5-4DF4-9C6C-15F967EED423}.Debug|Any CPU.Build.0 = Debug|iPhoneSimulator
		{F27FAC5B-E9D5-4DF4-9C6C-15F967EED423}.Debug|Any CPU.Deploy.0 = Debug|iPhoneSimulator
		{F27FAC5B-E9D5-4DF4-9C6C-15F967EED423}.Debug|ARM.ActiveCfg = Debug|iPhone
		{F27FAC5B-E9D5-4DF4-9C6C-15F967EED423}.Debug|ARM.Build.0 = Debug|iPhone
		{F27FAC5B-E9D5-4DF4-9C6C-15F967EED423}.Debug|ARM.Deploy.0 = Debug|iPhone
		{F27FAC5B-E9D5-4DF4-9C6C-15F967EED423}.Debug|iPhone.ActiveCfg = Debug|iPhone
		{F27FAC5B-E9D5-4DF4-9C6C-15F967EED423}.Debug|iPhone.Build.0 = Debug|iPhone
		{F27FAC5B-E9D5-4DF4-9C6C-15F967EED423}.Debug|iPhone.Deploy.0 = Debug|iPhone
		{F27FAC5B-E9D5-4DF4-9C6C-15F967EED423}.Debug|iPhoneSimulator.ActiveCfg = Debug|iPhoneSimulator
		{F27FAC5B-E9D5-4DF4-9C6C-15F967EED423}.Debug|iPhoneSimulator.Build.0 = Debug|iPhoneSimulator
		{F27FAC5B-E9D5-4DF4-9C6C-15F967EED423}.Debug|iPhoneSimulator.Deploy.0 = Debug|iPhoneSimulator
		{F27FAC5B-E9D5-4DF4-9C6C-15F967EED423}.Debug|x64.ActiveCfg = Debug|iPhone
		{F27FAC5B-E9D5-4DF4-9C6C-15F967EED423}.Debug|x64.Build.0 = Debug|iPhone
		{F27FAC5B-E9D5-4DF4-9C6C-15F967EED423}.Debug|x64.Deploy.0 = Debug|iPhone
		{F27FAC5B-E9D5-4DF4-9C6C-15F967EED423}.Debug|x86.ActiveCfg = Debug|iPhone
		{F27FAC5B-E9D5-4DF4-9C6C-15F967EED423}.Debug|x86.Build.0 = Debug|iPhone
		{F27FAC5B-E9D5-4DF4-9C6C-15F967EED423}.Debug|x86.Deploy.0 = Debug|iPhone
		{F27FAC5B-E9D5-4DF4-9C6C-15F967EED423}.Release|Any CPU.ActiveCfg = Release|iPhone
		{F27FAC5B-E9D5-4DF4-9C6C-15F967EED423}.Release|Any CPU.Build.0 = Release|iPhone
		{F27FAC5B-E9D5-4DF4-9C6C-15F967EED423}.Release|Any CPU.Deploy.0 = Release|iPhone
		{F27FAC5B-E9D5-4DF4-9C6C-15F967EED423}.Release|ARM.ActiveCfg = Release|iPhone
		{F27FAC5B-E9D5-4DF4-9C6C-15F967EED423}.Release|ARM.Build.0 = Release|iPhone
		{F27FAC5B-E9D5-4DF4-9C6C-15F967EED423}.Release|ARM.Deploy.0 = Release|iPhone
		{F27FAC5B-E9D5-4DF4-9C6C-15F967EED423}.Release|iPhone.ActiveCfg = Release|iPhone
		{F27FAC5B-E9D5-4DF4-9C6C-15F967EED423}.Release|iPhone.Build.0 = Release|iPhone
		{F27FAC5B-E9D5-4DF4-9C6C-15F967EED423}.Release|iPhone.Deploy.0 = Release|iPhone
		{F27FAC5B-E9D5-4DF4-9C6C-15F967EED423}.Release|iPhoneSimulator.ActiveCfg = Release|iPhoneSimulator
		{F27FAC5B-E9D5-4DF4-9C6C-15F967EED423}.Release|iPhoneSimulator.Build.0 = Release|iPhoneSimulator
		{F27FAC5B-E9D5-4DF4-9C6C-15F967EED423}.Release|iPhoneSimulator.Deploy.0 = Release|iPhoneSimulator
		{F27FAC5B-E9D5-4DF4-9C6C-15F967EED423}.Release|x64.ActiveCfg = Release|iPhone
		{F27FAC5B-E9D5-4DF4-9C6C-15F967EED423}.Release|x64.Build.0 = Release|iPhone
		{F27FAC5B-E9D5-4DF4-9C6C-15F967EED423}.Release|x64.Deploy.0 = Release|iPhone
		{F27FAC5B-E9D5-4DF4-9C6C-15F967EED423}.Release|x86.ActiveCfg = Release|iPhone
		{F27FAC5B-E9D5-4DF4-9C6C-15F967EED423}.Release|x86.Build.0 = Release|iPhone
		{F27FAC5B-E9D5-4DF4-9C6C-15F967EED423}.Release|x86.Deploy.0 = Release|iPhone
		{4DCA7E14-4BBD-4154-AAC8-8C02A86CDCF4}.Ad-Hoc|Any CPU.ActiveCfg = Release|x86
		{4DCA7E14-4BBD-4154-AAC8-8C02A86CDCF4}.Ad-Hoc|Any CPU.Build.0 = Release|x86
		{4DCA7E14-4BBD-4154-AAC8-8C02A86CDCF4}.Ad-Hoc|Any CPU.Deploy.0 = Release|x86
		{4DCA7E14-4BBD-4154-AAC8-8C02A86CDCF4}.Ad-Hoc|ARM.ActiveCfg = Release|ARM
		{4DCA7E14-4BBD-4154-AAC8-8C02A86CDCF4}.Ad-Hoc|ARM.Build.0 = Release|ARM
		{4DCA7E14-4BBD-4154-AAC8-8C02A86CDCF4}.Ad-Hoc|ARM.Deploy.0 = Release|ARM
		{4DCA7E14-4BBD-4154-AAC8-8C02A86CDCF4}.Ad-Hoc|iPhone.ActiveCfg = Release|x86
		{4DCA7E14-4BBD-4154-AAC8-8C02A86CDCF4}.Ad-Hoc|iPhone.Build.0 = Release|x86
		{4DCA7E14-4BBD-4154-AAC8-8C02A86CDCF4}.Ad-Hoc|iPhone.Deploy.0 = Release|x86
		{4DCA7E14-4BBD-4154-AAC8-8C02A86CDCF4}.Ad-Hoc|iPhoneSimulator.ActiveCfg = Release|x86
		{4DCA7E14-4BBD-4154-AAC8-8C02A86CDCF4}.Ad-Hoc|iPhoneSimulator.Build.0 = Release|x86
		{4DCA7E14-4BBD-4154-AAC8-8C02A86CDCF4}.Ad-Hoc|iPhoneSimulator.Deploy.0 = Release|x86
		{4DCA7E14-4BBD-4154-AAC8-8C02A86CDCF4}.Ad-Hoc|x64.ActiveCfg = Release|x64
		{4DCA7E14-4BBD-4154-AAC8-8C02A86CDCF4}.Ad-Hoc|x64.Build.0 = Release|x64
		{4DCA7E14-4BBD-4154-AAC8-8C02A86CDCF4}.Ad-Hoc|x64.Deploy.0 = Release|x64
		{4DCA7E14-4BBD-4154-AAC8-8C02A86CDCF4}.Ad-Hoc|x86.ActiveCfg = Release|x86
		{4DCA7E14-4BBD-4154-AAC8-8C02A86CDCF4}.Ad-Hoc|x86.Build.0 = Release|x86
		{4DCA7E14-4BBD-4154-AAC8-8C02A86CDCF4}.Ad-Hoc|x86.Deploy.0 = Release|x86
		{4DCA7E14-4BBD-4154-AAC8-8C02A86CDCF4}.AppStore|Any CPU.ActiveCfg = Release|x86
		{4DCA7E14-4BBD-4154-AAC8-8C02A86CDCF4}.AppStore|Any CPU.Build.0 = Release|x86
		{4DCA7E14-4BBD-4154-AAC8-8C02A86CDCF4}.AppStore|Any CPU.Deploy.0 = Release|x86
		{4DCA7E14-4BBD-4154-AAC8-8C02A86CDCF4}.AppStore|ARM.ActiveCfg = Release|ARM
		{4DCA7E14-4BBD-4154-AAC8-8C02A86CDCF4}.AppStore|ARM.Build.0 = Release|ARM
		{4DCA7E14-4BBD-4154-AAC8-8C02A86CDCF4}.AppStore|ARM.Deploy.0 = Release|ARM
		{4DCA7E14-4BBD-4154-AAC8-8C02A86CDCF4}.AppStore|iPhone.ActiveCfg = Release|x86
		{4DCA7E14-4BBD-4154-AAC8-8C02A86CDCF4}.AppStore|iPhone.Build.0 = Release|x86
		{4DCA7E14-4BBD-4154-AAC8-8C02A86CDCF4}.AppStore|iPhone.Deploy.0 = Release|x86
		{4DCA7E14-4BBD-4154-AAC8-8C02A86CDCF4}.AppStore|iPhoneSimulator.ActiveCfg = Release|x86
		{4DCA7E14-4BBD-4154-AAC8-8C02A86CDCF4}.AppStore|iPhoneSimulator.Build.0 = Release|x86
		{4DCA7E14-4BBD-4154-AAC8-8C02A86CDCF4}.AppStore|iPhoneSimulator.Deploy.0 = Release|x86
		{4DCA7E14-4BBD-4154-AAC8-8C02A86CDCF4}.AppStore|x64.ActiveCfg = Release|x64
		{4DCA7E14-4BBD-4154-AAC8-8C02A86CDCF4}.AppStore|x64.Build.0 = Release|x64
		{4DCA7E14-4BBD-4154-AAC8-8C02A86CDCF4}.AppStore|x64.Deploy.0 = Release|x64
		{4DCA7E14-4BBD-4154-AAC8-8C02A86CDCF4}.AppStore|x86.ActiveCfg = Release|x86
		{4DCA7E14-4BBD-4154-AAC8-8C02A86CDCF4}.AppStore|x86.Build.0 = Release|x86
		{4DCA7E14-4BBD-4154-AAC8-8C02A86CDCF4}.AppStore|x86.Deploy.0 = Release|x86
		{4DCA7E14-4BBD-4154-AAC8-8C02A86CDCF4}.Debug|Any CPU.ActiveCfg = Debug|x86
		{4DCA7E14-4BBD-4154-AAC8-8C02A86CDCF4}.Debug|Any CPU.Build.0 = Debug|x86
		{4DCA7E14-4BBD-4154-AAC8-8C02A86CDCF4}.Debug|Any CPU.Deploy.0 = Debug|x86
		{4DCA7E14-4BBD-4154-AAC8-8C02A86CDCF4}.Debug|ARM.ActiveCfg = Debug|ARM
		{4DCA7E14-4BBD-4154-AAC8-8C02A86CDCF4}.Debug|ARM.Build.0 = Debug|ARM
		{4DCA7E14-4BBD-4154-AAC8-8C02A86CDCF4}.Debug|ARM.Deploy.0 = Debug|ARM
		{4DCA7E14-4BBD-4154-AAC8-8C02A86CDCF4}.Debug|iPhone.ActiveCfg = Debug|x86
		{4DCA7E14-4BBD-4154-AAC8-8C02A86CDCF4}.Debug|iPhone.Build.0 = Debug|x86
		{4DCA7E14-4BBD-4154-AAC8-8C02A86CDCF4}.Debug|iPhone.Deploy.0 = Debug|x86
		{4DCA7E14-4BBD-4154-AAC8-8C02A86CDCF4}.Debug|iPhoneSimulator.ActiveCfg = Debug|x86
		{4DCA7E14-4BBD-4154-AAC8-8C02A86CDCF4}.Debug|iPhoneSimulator.Build.0 = Debug|x86
		{4DCA7E14-4BBD-4154-AAC8-8C02A86CDCF4}.Debug|iPhoneSimulator.Deploy.0 = Debug|x86
		{4DCA7E14-4BBD-4154-AAC8-8C02A86CDCF4}.Debug|x64.ActiveCfg = Debug|x64
		{4DCA7E14-4BBD-4154-AAC8-8C02A86CDCF4}.Debug|x64.Build.0 = Debug|x64
		{4DCA7E14-4BBD-4154-AAC8-8C02A86CDCF4}.Debug|x64.Deploy.0 = Debug|x64
		{4DCA7E14-4BBD-4154-AAC8-8C02A86CDCF4}.Debug|x86.ActiveCfg = Debug|x86
		{4DCA7E14-4BBD-4154-AAC8-8C02A86CDCF4}.Debug|x86.Build.0 = Debug|x86
		{4DCA7E14-4BBD-4154-AAC8-8C02A86CDCF4}.Debug|x86.Deploy.0 = Debug|x86
		{4DCA7E14-4BBD-4154-AAC8-8C02A86CDCF4}.Release|Any CPU.ActiveCfg = Release|x86
		{4DCA7E14-4BBD-4154-AAC8-8C02A86CDCF4}.Release|Any CPU.Build.0 = Release|x86
		{4DCA7E14-4BBD-4154-AAC8-8C02A86CDCF4}.Release|Any CPU.Deploy.0 = Release|x86
		{4DCA7E14-4BBD-4154-AAC8-8C02A86CDCF4}.Release|ARM.ActiveCfg = Release|ARM
		{4DCA7E14-4BBD-4154-AAC8-8C02A86CDCF4}.Release|ARM.Build.0 = Release|ARM
		{4DCA7E14-4BBD-4154-AAC8-8C02A86CDCF4}.Release|ARM.Deploy.0 = Release|ARM
		{4DCA7E14-4BBD-4154-AAC8-8C02A86CDCF4}.Release|iPhone.ActiveCfg = Release|x86
		{4DCA7E14-4BBD-4154-AAC8-8C02A86CDCF4}.Release|iPhone.Build.0 = Release|x86
		{4DCA7E14-4BBD-4154-AAC8-8C02A86CDCF4}.Release|iPhone.Deploy.0 = Release|x86
		{4DCA7E14-4BBD-4154-AAC8-8C02A86CDCF4}.Release|iPhoneSimulator.ActiveCfg = Release|x86
		{4DCA7E14-4BBD-4154-AAC8-8C02A86CDCF4}.Release|iPhoneSimulator.Build.0 = Release|x86
		{4DCA7E14-4BBD-4154-AAC8-8C02A86CDCF4}.Release|iPhoneSimulator.Deploy.0 = Release|x86
		{4DCA7E14-4BBD-4154-AAC8-8C02A86CDCF4}.Release|x64.ActiveCfg = Release|x64
		{4DCA7E14-4BBD-4154-AAC8-8C02A86CDCF4}.Release|x64.Build.0 = Release|x64
		{4DCA7E14-4BBD-4154-AAC8-8C02A86CDCF4}.Release|x64.Deploy.0 = Release|x64
		{4DCA7E14-4BBD-4154-AAC8-8C02A86CDCF4}.Release|x86.ActiveCfg = Release|x86
		{4DCA7E14-4BBD-4154-AAC8-8C02A86CDCF4}.Release|x86.Build.0 = Release|x86
		{4DCA7E14-4BBD-4154-AAC8-8C02A86CDCF4}.Release|x86.Deploy.0 = Release|x86
		{92724D33-B682-4AE5-BE7D-8581F4579559}.Ad-Hoc|Any CPU.ActiveCfg = Debug|Any CPU
		{92724D33-B682-4AE5-BE7D-8581F4579559}.Ad-Hoc|Any CPU.Build.0 = Debug|Any CPU
		{92724D33-B682-4AE5-BE7D-8581F4579559}.Ad-Hoc|ARM.ActiveCfg = Debug|Any CPU
		{92724D33-B682-4AE5-BE7D-8581F4579559}.Ad-Hoc|ARM.Build.0 = Debug|Any CPU
		{92724D33-B682-4AE5-BE7D-8581F4579559}.Ad-Hoc|iPhone.ActiveCfg = Debug|Any CPU
		{92724D33-B682-4AE5-BE7D-8581F4579559}.Ad-Hoc|iPhone.Build.0 = Debug|Any CPU
		{92724D33-B682-4AE5-BE7D-8581F4579559}.Ad-Hoc|iPhoneSimulator.ActiveCfg = Debug|Any CPU
		{92724D33-B682-4AE5-BE7D-8581F4579559}.Ad-Hoc|iPhoneSimulator.Build.0 = Debug|Any CPU
		{92724D33-B682-4AE5-BE7D-8581F4579559}.Ad-Hoc|x64.ActiveCfg = Debug|Any CPU
		{92724D33-B682-4AE5-BE7D-8581F4579559}.Ad-Hoc|x64.Build.0 = Debug|Any CPU
		{92724D33-B682-4AE5-BE7D-8581F4579559}.Ad-Hoc|x86.ActiveCfg = Debug|Any CPU
		{92724D33-B682-4AE5-BE7D-8581F4579559}.Ad-Hoc|x86.Build.0 = Debug|Any CPU
		{92724D33-B682-4AE5-BE7D-8581F4579559}.AppStore|Any CPU.ActiveCfg = Debug|Any CPU
		{92724D33-B682-4AE5-BE7D-8581F4579559}.AppStore|Any CPU.Build.0 = Debug|Any CPU
		{92724D33-B682-4AE5-BE7D-8581F4579559}.AppStore|ARM.ActiveCfg = Debug|Any CPU
		{92724D33-B682-4AE5-BE7D-8581F4579559}.AppStore|ARM.Build.0 = Debug|Any CPU
		{92724D33-B682-4AE5-BE7D-8581F4579559}.AppStore|iPhone.ActiveCfg = Debug|Any CPU
		{92724D33-B682-4AE5-BE7D-8581F4579559}.AppStore|iPhone.Build.0 = Debug|Any CPU
		{92724D33-B682-4AE5-BE7D-8581F4579559}.AppStore|iPhoneSimulator.ActiveCfg = Debug|Any CPU
		{92724D33-B682-4AE5-BE7D-8581F4579559}.AppStore|iPhoneSimulator.Build.0 = Debug|Any CPU
		{92724D33-B682-4AE5-BE7D-8581F4579559}.AppStore|x64.ActiveCfg = Debug|Any CPU
		{92724D33-B682-4AE5-BE7D-8581F4579559}.AppStore|x64.Build.0 = Debug|Any CPU
		{92724D33-B682-4AE5-BE7D-8581F4579559}.AppStore|x86.ActiveCfg = Debug|Any CPU
		{92724D33-B682-4AE5-BE7D-8581F4579559}.AppStore|x86.Build.0 = Debug|Any CPU
		{92724D33-B682-4AE5-BE7D-8581F4579559}.Debug|Any CPU.ActiveCfg = Debug|Any CPU
		{92724D33-B682-4AE5-BE7D-8581F4579559}.Debug|Any CPU.Build.0 = Debug|Any CPU
		{92724D33-B682-4AE5-BE7D-8581F4579559}.Debug|ARM.ActiveCfg = Debug|Any CPU
		{92724D33-B682-4AE5-BE7D-8581F4579559}.Debug|ARM.Build.0 = Debug|Any CPU
		{92724D33-B682-4AE5-BE7D-8581F4579559}.Debug|iPhone.ActiveCfg = Debug|Any CPU
		{92724D33-B682-4AE5-BE7D-8581F4579559}.Debug|iPhone.Build.0 = Debug|Any CPU
		{92724D33-B682-4AE5-BE7D-8581F4579559}.Debug|iPhoneSimulator.ActiveCfg = Debug|Any CPU
		{92724D33-B682-4AE5-BE7D-8581F4579559}.Debug|iPhoneSimulator.Build.0 = Debug|Any CPU
		{92724D33-B682-4AE5-BE7D-8581F4579559}.Debug|x64.ActiveCfg = Debug|Any CPU
		{92724D33-B682-4AE5-BE7D-8581F4579559}.Debug|x64.Build.0 = Debug|Any CPU
		{92724D33-B682-4AE5-BE7D-8581F4579559}.Debug|x86.ActiveCfg = Debug|Any CPU
		{92724D33-B682-4AE5-BE7D-8581F4579559}.Debug|x86.Build.0 = Debug|Any CPU
		{92724D33-B682-4AE5-BE7D-8581F4579559}.Release|Any CPU.ActiveCfg = Release|Any CPU
		{92724D33-B682-4AE5-BE7D-8581F4579559}.Release|Any CPU.Build.0 = Release|Any CPU
		{92724D33-B682-4AE5-BE7D-8581F4579559}.Release|ARM.ActiveCfg = Release|Any CPU
		{92724D33-B682-4AE5-BE7D-8581F4579559}.Release|ARM.Build.0 = Release|Any CPU
		{92724D33-B682-4AE5-BE7D-8581F4579559}.Release|iPhone.ActiveCfg = Release|Any CPU
		{92724D33-B682-4AE5-BE7D-8581F4579559}.Release|iPhone.Build.0 = Release|Any CPU
		{92724D33-B682-4AE5-BE7D-8581F4579559}.Release|iPhoneSimulator.ActiveCfg = Release|Any CPU
		{92724D33-B682-4AE5-BE7D-8581F4579559}.Release|iPhoneSimulator.Build.0 = Release|Any CPU
		{92724D33-B682-4AE5-BE7D-8581F4579559}.Release|x64.ActiveCfg = Release|Any CPU
		{92724D33-B682-4AE5-BE7D-8581F4579559}.Release|x64.Build.0 = Release|Any CPU
		{92724D33-B682-4AE5-BE7D-8581F4579559}.Release|x86.ActiveCfg = Release|Any CPU
		{92724D33-B682-4AE5-BE7D-8581F4579559}.Release|x86.Build.0 = Release|Any CPU
	EndGlobalSection
	GlobalSection(SolutionProperties) = preSolution
		HideSolutionNode = FALSE
	EndGlobalSection
	GlobalSection(ExtensibilityGlobals) = postSolution
		SolutionGuid = {ABD2DEAB-C3E0-4F20-A957-3B21D3C8375B}
	EndGlobalSection
EndGlobal
